// !$*UTF8*$!
{
	archiveVersion = 1;
	classes = {
	};
	objectVersion = 46;
	objects = {

/* Begin PBXBuildFile section */
		843131821E5C698D00F657CE /* AppDelegate.swift in Sources */ = {isa = PBXBuildFile; fileRef = 843131811E5C698D00F657CE /* AppDelegate.swift */; };
		843131871E5C698D00F657CE /* Main.storyboard in Resources */ = {isa = PBXBuildFile; fileRef = 843131851E5C698D00F657CE /* Main.storyboard */; };
		843131891E5C698D00F657CE /* Assets.xcassets in Resources */ = {isa = PBXBuildFile; fileRef = 843131881E5C698D00F657CE /* Assets.xcassets */; };
		8431318C1E5C698D00F657CE /* LaunchScreen.storyboard in Resources */ = {isa = PBXBuildFile; fileRef = 8431318A1E5C698D00F657CE /* LaunchScreen.storyboard */; };
		8439C9731E5C768B00E30C85 /* WeatherTableViewController.swift in Sources */ = {isa = PBXBuildFile; fileRef = 8439C9721E5C768B00E30C85 /* WeatherTableViewController.swift */; };
		8439C9751E5C774F00E30C85 /* WeatherModel.swift in Sources */ = {isa = PBXBuildFile; fileRef = 8439C9741E5C774F00E30C85 /* WeatherModel.swift */; };
		8F1CCCF568C4CDC3249F143C /* Pods_Informer.framework in Frameworks */ = {isa = PBXBuildFile; fileRef = A6307093C5D13A6165D6E9FF /* Pods_Informer.framework */; };
/* End PBXBuildFile section */

/* Begin PBXFileReference section */
		198B99D679B538A6E1012965 /* Pods-Informer.release.xcconfig */ = {isa = PBXFileReference; includeInIndex = 1; lastKnownFileType = text.xcconfig; name = "Pods-Informer.release.xcconfig"; path = "Pods/Target Support Files/Pods-Informer/Pods-Informer.release.xcconfig"; sourceTree = "<group>"; };
		7CEF1AADD672149CEC259152 /* Pods-Informer.debug.xcconfig */ = {isa = PBXFileReference; includeInIndex = 1; lastKnownFileType = text.xcconfig; name = "Pods-Informer.debug.xcconfig"; path = "Pods/Target Support Files/Pods-Informer/Pods-Informer.debug.xcconfig"; sourceTree = "<group>"; };
		8431317E1E5C698D00F657CE /* Informer.app */ = {isa = PBXFileReference; explicitFileType = wrapper.application; includeInIndex = 0; path = Informer.app; sourceTree = BUILT_PRODUCTS_DIR; };
		843131811E5C698D00F657CE /* AppDelegate.swift */ = {isa = PBXFileReference; lastKnownFileType = sourcecode.swift; path = AppDelegate.swift; sourceTree = "<group>"; };
		843131861E5C698D00F657CE /* Base */ = {isa = PBXFileReference; lastKnownFileType = file.storyboard; name = Base; path = Base.lproj/Main.storyboard; sourceTree = "<group>"; };
		843131881E5C698D00F657CE /* Assets.xcassets */ = {isa = PBXFileReference; lastKnownFileType = folder.assetcatalog; path = Assets.xcassets; sourceTree = "<group>"; };
		8431318B1E5C698D00F657CE /* Base */ = {isa = PBXFileReference; lastKnownFileType = file.storyboard; name = Base; path = Base.lproj/LaunchScreen.storyboard; sourceTree = "<group>"; };
		8431318D1E5C698D00F657CE /* Info.plist */ = {isa = PBXFileReference; lastKnownFileType = text.plist.xml; path = Info.plist; sourceTree = "<group>"; };
		8439C9721E5C768B00E30C85 /* WeatherTableViewController.swift */ = {isa = PBXFileReference; fileEncoding = 4; lastKnownFileType = sourcecode.swift; name = WeatherTableViewController.swift; path = ViewController/WeatherTableViewController.swift; sourceTree = "<group>"; };
		8439C9741E5C774F00E30C85 /* WeatherModel.swift */ = {isa = PBXFileReference; fileEncoding = 4; lastKnownFileType = sourcecode.swift; name = WeatherModel.swift; path = Model/WeatherModel.swift; sourceTree = "<group>"; };
		A6307093C5D13A6165D6E9FF /* Pods_Informer.framework */ = {isa = PBXFileReference; explicitFileType = wrapper.framework; includeInIndex = 0; path = Pods_Informer.framework; sourceTree = BUILT_PRODUCTS_DIR; };
/* End PBXFileReference section */

/* Begin PBXFrameworksBuildPhase section */
		8431317B1E5C698D00F657CE /* Frameworks */ = {
			isa = PBXFrameworksBuildPhase;
			buildActionMask = 2147483647;
			files = (
				8F1CCCF568C4CDC3249F143C /* Pods_Informer.framework in Frameworks */,
			);
			runOnlyForDeploymentPostprocessing = 0;
		};
/* End PBXFrameworksBuildPhase section */

/* Begin PBXGroup section */
		10367130F95E76D839FD14F2 /* Frameworks */ = {
			isa = PBXGroup;
			children = (
				A6307093C5D13A6165D6E9FF /* Pods_Informer.framework */,
			);
			name = Frameworks;
			sourceTree = "<group>";
		};
		661853921FAEDD25C28DCB1E /* Pods */ = {
			isa = PBXGroup;
			children = (
				7CEF1AADD672149CEC259152 /* Pods-Informer.debug.xcconfig */,
				198B99D679B538A6E1012965 /* Pods-Informer.release.xcconfig */,
			);
			name = Pods;
			sourceTree = "<group>";
		};
		843131751E5C698D00F657CE = {
			isa = PBXGroup;
			children = (
				843131801E5C698D00F657CE /* Informer */,
				8431317F1E5C698D00F657CE /* Products */,
				661853921FAEDD25C28DCB1E /* Pods */,
				10367130F95E76D839FD14F2 /* Frameworks */,
			);
			sourceTree = "<group>";
		};
		8431317F1E5C698D00F657CE /* Products */ = {
			isa = PBXGroup;
			children = (
				8431317E1E5C698D00F657CE /* Informer.app */,
			);
			name = Products;
			sourceTree = "<group>";
		};
		843131801E5C698D00F657CE /* Informer */ = {
			isa = PBXGroup;
			children = (
				843131811E5C698D00F657CE /* AppDelegate.swift */,
				8439C9721E5C768B00E30C85 /* WeatherTableViewController.swift */,
				8439C9741E5C774F00E30C85 /* WeatherModel.swift */,
				843131851E5C698D00F657CE /* Main.storyboard */,
				843131881E5C698D00F657CE /* Assets.xcassets */,
				8431318A1E5C698D00F657CE /* LaunchScreen.storyboard */,
				8431318D1E5C698D00F657CE /* Info.plist */,
			);
			path = Informer;
			sourceTree = "<group>";
		};
/* End PBXGroup section */

/* Begin PBXNativeTarget section */
		8431317D1E5C698D00F657CE /* Informer */ = {
			isa = PBXNativeTarget;
			buildConfigurationList = 843131901E5C698D00F657CE /* Build configuration list for PBXNativeTarget "Informer" */;
			buildPhases = (
				69777374CBA23D0E1B20F4CA /* [CP] Check Pods Manifest.lock */,
				8431317A1E5C698D00F657CE /* Sources */,
				8431317B1E5C698D00F657CE /* Frameworks */,
				8431317C1E5C698D00F657CE /* Resources */,
				F0B0B02D09B1D05B99AE75B8 /* [CP] Embed Pods Frameworks */,
				254EF6D1A6A906AF7444D02C /* [CP] Copy Pods Resources */,
			);
			buildRules = (
			);
			dependencies = (
			);
			name = Informer;
			productName = Informer;
			productReference = 8431317E1E5C698D00F657CE /* Informer.app */;
			productType = "com.apple.product-type.application";
		};
/* End PBXNativeTarget section */

/* Begin PBXProject section */
		843131761E5C698D00F657CE /* Project object */ = {
			isa = PBXProject;
			attributes = {
				LastSwiftUpdateCheck = 0820;
				LastUpgradeCheck = 0820;
				ORGANIZATIONNAME = BSUIR;
				TargetAttributes = {
					8431317D1E5C698D00F657CE = {
						CreatedOnToolsVersion = 8.2.1;
						ProvisioningStyle = Automatic;
					};
				};
			};
			buildConfigurationList = 843131791E5C698D00F657CE /* Build configuration list for PBXProject "Informer" */;
			compatibilityVersion = "Xcode 3.2";
			developmentRegion = English;
			hasScannedForEncodings = 0;
			knownRegions = (
				en,
				Base,
			);
			mainGroup = 843131751E5C698D00F657CE;
			productRefGroup = 8431317F1E5C698D00F657CE /* Products */;
			projectDirPath = "";
			projectRoot = "";
			targets = (
				8431317D1E5C698D00F657CE /* Informer */,
			);
		};
/* End PBXProject section */

/* Begin PBXResourcesBuildPhase section */
		8431317C1E5C698D00F657CE /* Resources */ = {
			isa = PBXResourcesBuildPhase;
			buildActionMask = 2147483647;
			files = (
				8431318C1E5C698D00F657CE /* LaunchScreen.storyboard in Resources */,
				843131891E5C698D00F657CE /* Assets.xcassets in Resources */,
				843131871E5C698D00F657CE /* Main.storyboard in Resources */,
			);
			runOnlyForDeploymentPostprocessing = 0;
		};
/* End PBXResourcesBuildPhase section */

/* Begin PBXShellScriptBuildPhase section */
		254EF6D1A6A906AF7444D02C /* [CP] Copy Pods Resources */ = {
			isa = PBXShellScriptBuildPhase;
			buildActionMask = 2147483647;
			files = (
			);
			inputPaths = (
			);
			name = "[CP] Copy Pods Resources";
			outputPaths = (
			);
			runOnlyForDeploymentPostprocessing = 0;
			shellPath = /bin/sh;
			shellScript = "\"${SRCROOT}/Pods/Target Support Files/Pods-Informer/Pods-Informer-resources.sh\"\n";
			showEnvVarsInLog = 0;
		};
		69777374CBA23D0E1B20F4CA /* [CP] Check Pods Manifest.lock */ = {
			isa = PBXShellScriptBuildPhase;
			buildActionMask = 2147483647;
			files = (
			);
			inputPaths = (
			);
			name = "[CP] Check Pods Manifest.lock";
			outputPaths = (
			);
			runOnlyForDeploymentPostprocessing = 0;
			shellPath = /bin/sh;
			shellScript = "diff \"${PODS_ROOT}/../Podfile.lock\" \"${PODS_ROOT}/Manifest.lock\" > /dev/null\nif [ $? != 0 ] ; then\n    # print error to STDERR\n    echo \"error: The sandbox is not in sync with the Podfile.lock. Run 'pod install' or update your CocoaPods installation.\" >&2\n    exit 1\nfi\n";
			showEnvVarsInLog = 0;
		};
		F0B0B02D09B1D05B99AE75B8 /* [CP] Embed Pods Frameworks */ = {
			isa = PBXShellScriptBuildPhase;
			buildActionMask = 2147483647;
			files = (
			);
			inputPaths = (
			);
			name = "[CP] Embed Pods Frameworks";
			outputPaths = (
			);
			runOnlyForDeploymentPostprocessing = 0;
			shellPath = /bin/sh;
			shellScript = "\"${SRCROOT}/Pods/Target Support Files/Pods-Informer/Pods-Informer-frameworks.sh\"\n";
			showEnvVarsInLog = 0;
		};
/* End PBXShellScriptBuildPhase section */

/* Begin PBXSourcesBuildPhase section */
		8431317A1E5C698D00F657CE /* Sources */ = {
			isa = PBXSourcesBuildPhase;
			buildActionMask = 2147483647;
			files = (
				8439C9731E5C768B00E30C85 /* WeatherTableViewController.swift in Sources */,
				8439C9751E5C774F00E30C85 /* WeatherModel.swift in Sources */,
				843131821E5C698D00F657CE /* AppDelegate.swift in Sources */,
			);
			runOnlyForDeploymentPostprocessing = 0;
		};
/* End PBXSourcesBuildPhase section */

/* Begin PBXVariantGroup section */
		843131851E5C698D00F657CE /* Main.storyboard */ = {
			isa = PBXVariantGroup;
			children = (
				843131861E5C698D00F657CE /* Base */,
			);
			name = Main.storyboard;
			sourceTree = "<group>";
		};
		8431318A1E5C698D00F657CE /* LaunchScreen.storyboard */ = {
			isa = PBXVariantGroup;
			children = (
				8431318B1E5C698D00F657CE /* Base */,
			);
			name = LaunchScreen.storyboard;
			sourceTree = "<group>";
		};
/* End PBXVariantGroup section */

/* Begin XCBuildConfiguration section */
		8431318E1E5C698D00F657CE /* Debug */ = {
			isa = XCBuildConfiguration;
			buildSettings = {
				ALWAYS_SEARCH_USER_PATHS = NO;
				CLANG_ANALYZER_NONNULL = YES;
				CLANG_CXX_LANGUAGE_STANDARD = "gnu++0x";
				CLANG_CXX_LIBRARY = "libc++";
				CLANG_ENABLE_MODULES = YES;
				CLANG_ENABLE_OBJC_ARC = YES;
				CLANG_WARN_BOOL_CONVERSION = YES;
				CLANG_WARN_CONSTANT_CONVERSION = YES;
				CLANG_WARN_DIRECT_OBJC_ISA_USAGE = YES_ERROR;
				CLANG_WARN_DOCUMENTATION_COMMENTS = YES;
				CLANG_WARN_EMPTY_BODY = YES;
				CLANG_WARN_ENUM_CONVERSION = YES;
				CLANG_WARN_INFINITE_RECURSION = YES;
				CLANG_WARN_INT_CONVERSION = YES;
				CLANG_WARN_OBJC_ROOT_CLASS = YES_ERROR;
				CLANG_WARN_SUSPICIOUS_MOVE = YES;
				CLANG_WARN_UNREACHABLE_CODE = YES;
				CLANG_WARN__DUPLICATE_METHOD_MATCH = YES;
				"CODE_SIGN_IDENTITY[sdk=iphoneos*]" = "iPhone Developer";
				COPY_PHASE_STRIP = NO;
				DEBUG_INFORMATION_FORMAT = dwarf;
				ENABLE_STRICT_OBJC_MSGSEND = YES;
				ENABLE_TESTABILITY = YES;
				GCC_C_LANGUAGE_STANDARD = gnu99;
				GCC_DYNAMIC_NO_PIC = NO;
				GCC_NO_COMMON_BLOCKS = YES;
				GCC_OPTIMIZATION_LEVEL = 0;
				GCC_PREPROCESSOR_DEFINITIONS = (
					"DEBUG=1",
					"$(inherited)",
				);
				GCC_WARN_64_TO_32_BIT_CONVERSION = YES;
				GCC_WARN_ABOUT_RETURN_TYPE = YES_ERROR;
				GCC_WARN_UNDECLARED_SELECTOR = YES;
				GCC_WARN_UNINITIALIZED_AUTOS = YES_AGGRESSIVE;
				GCC_WARN_UNUSED_FUNCTION = YES;
				GCC_WARN_UNUSED_VARIABLE = YES;
				IPHONEOS_DEPLOYMENT_TARGET = 10.2;
				MTL_ENABLE_DEBUG_INFO = YES;
				ONLY_ACTIVE_ARCH = YES;
				SDKROOT = iphoneos;
				SWIFT_ACTIVE_COMPILATION_CONDITIONS = DEBUG;
				SWIFT_OPTIMIZATION_LEVEL = "-Onone";
			};
			name = Debug;
		};
		8431318F1E5C698D00F657CE /* Release */ = {
			isa = XCBuildConfiguration;
			buildSettings = {
				ALWAYS_SEARCH_USER_PATHS = NO;
				CLANG_ANALYZER_NONNULL = YES;
				CLANG_CXX_LANGUAGE_STANDARD = "gnu++0x";
				CLANG_CXX_LIBRARY = "libc++";
				CLANG_ENABLE_MODULES = YES;
				CLANG_ENABLE_OBJC_ARC = YES;
				CLANG_WARN_BOOL_CONVERSION = YES;
				CLANG_WARN_CONSTANT_CONVERSION = YES;
				CLANG_WARN_DIRECT_OBJC_ISA_USAGE = YES_ERROR;
				CLANG_WARN_DOCUMENTATION_COMMENTS = YES;
				CLANG_WARN_EMPTY_BODY = YES;
				CLANG_WARN_ENUM_CONVERSION = YES;
				CLANG_WARN_INFINITE_RECURSION = YES;
				CLANG_WARN_INT_CONVERSION = YES;
				CLANG_WARN_OBJC_ROOT_CLASS = YES_ERROR;
				CLANG_WARN_SUSPICIOUS_MOVE = YES;
				CLANG_WARN_UNREACHABLE_CODE = YES;
				CLANG_WARN__DUPLICATE_METHOD_MATCH = YES;
				"CODE_SIGN_IDENTITY[sdk=iphoneos*]" = "iPhone Developer";
				COPY_PHASE_STRIP = NO;
				DEBUG_INFORMATION_FORMAT = "dwarf-with-dsym";
				ENABLE_NS_ASSERTIONS = NO;
				ENABLE_STRICT_OBJC_MSGSEND = YES;
				GCC_C_LANGUAGE_STANDARD = gnu99;
				GCC_NO_COMMON_BLOCKS = YES;
				GCC_WARN_64_TO_32_BIT_CONVERSION = YES;
				GCC_WARN_ABOUT_RETURN_TYPE = YES_ERROR;
				GCC_WARN_UNDECLARED_SELECTOR = YES;
				GCC_WARN_UNINITIALIZED_AUTOS = YES_AGGRESSIVE;
				GCC_WARN_UNUSED_FUNCTION = YES;
				GCC_WARN_UNUSED_VARIABLE = YES;
				IPHONEOS_DEPLOYMENT_TARGET = 10.2;
				MTL_ENABLE_DEBUG_INFO = NO;
				SDKROOT = iphoneos;
				SWIFT_OPTIMIZATION_LEVEL = "-Owholemodule";
				VALIDATE_PRODUCT = YES;
			};
			name = Release;
		};
		843131911E5C698D00F657CE /* Debug */ = {
			isa = XCBuildConfiguration;
			baseConfigurationReference = 7CEF1AADD672149CEC259152 /* Pods-Informer.debug.xcconfig */;
			buildSettings = {
				ASSETCATALOG_COMPILER_APPICON_NAME = AppIcon;
				INFOPLIST_FILE = Informer/Info.plist;
				LD_RUNPATH_SEARCH_PATHS = "$(inherited) @executable_path/Frameworks";
				PRODUCT_BUNDLE_IDENTIFIER = com.bsuir.sv.Informer;
				PRODUCT_NAME = "$(TARGET_NAME)";
				SWIFT_VERSION = 3.0;
			};
			name = Debug;
		};
		843131921E5C698D00F657CE /* Release */ = {
			isa = XCBuildConfiguration;
			baseConfigurationReference = 198B99D679B538A6E1012965 /* Pods-Informer.release.xcconfig */;
			buildSettings = {
				ASSETCATALOG_COMPILER_APPICON_NAME = AppIcon;
				INFOPLIST_FILE = Informer/Info.plist;
				LD_RUNPATH_SEARCH_PATHS = "$(inherited) @executable_path/Frameworks";
				PRODUCT_BUNDLE_IDENTIFIER = com.bsuir.sv.Informer;
				PRODUCT_NAME = "$(TARGET_NAME)";
				SWIFT_VERSION = 3.0;
			};
			name = Release;
		};
/* End XCBuildConfiguration section */

/* Begin XCConfigurationList section */
		843131791E5C698D00F657CE /* Build configuration list for PBXProject "Informer" */ = {
			isa = XCConfigurationList;
			buildConfigurations = (
				8431318E1E5C698D00F657CE /* Debug */,
				8431318F1E5C698D00F657CE /* Release */,
			);
			defaultConfigurationIsVisible = 0;
			defaultConfigurationName = Release;
		};
		843131901E5C698D00F657CE /* Build configuration list for PBXNativeTarget "Informer" */ = {
			isa = XCConfigurationList;
			buildConfigurations = (
				843131911E5C698D00F657CE /* Debug */,
				843131921E5C698D00F657CE /* Release */,
			);
			defaultConfigurationIsVisible = 0;
			defaultConfigurationName = Release;
		};
/* End XCConfigurationList section */
	};
	rootObject = 843131761E5C698D00F657CE /* Project object */;
}
